
Microsoft Visual Studio Solution File, Format Version 12.00
# Visual Studio Version 16
VisualStudioVersion = 16.0.31112.23
MinimumVisualStudioVersion = 10.0.40219.1
Project("{FAE04EC0-301F-11D3-BF4B-00C04F79EFBC}") = "ComboBox", "ComboBox\ComboBox.csproj", "{89F6743A-9216-4681-9AA1-70F7FF8FB05C}"
EndProject
Global
	GlobalSection(SolutionConfigurationPlatforms) = preSolution
		Debug|Any CPU = Debug|Any CPU
		Release|Any CPU = Release|Any CPU
	EndGlobalSection
	GlobalSection(ProjectConfigurationPlatforms) = postSolution
		{89F6743A-9216-4681-9AA1-70F7FF8FB05C}.Debug|Any CPU.ActiveCfg = Debug|Any CPU
		{89F6743A-9216-4681-9AA1-70F7FF8FB05C}.Debug|Any CPU.Build.0 = Debug|Any CPU
		{89F6743A-9216-4681-9AA1-70F7FF8FB05C}.Release|Any CPU.ActiveCfg = Release|Any CPU
		{89F6743A-9216-4681-9AA1-70F7FF8FB05C}.Release|Any CPU.Build.0 = Release|Any CPU
	EndGlobalSection
	GlobalSection(SolutionProperties) = preSolution
		HideSolutionNode = FALSE
	EndGlobalSection
	GlobalSection(ExtensibilityGlobals) = postSolution
		SolutionGuid = {E4E3CB92-9A03-4B40-BFB7-5C34BC2B5AC4}
	EndGlobalSection
EndGlobal
